
Microsoft Visual Studio Solution File, Format Version 12.00
# Visual Studio Version 17
VisualStudioVersion = 17.0.31903.59
MinimumVisualStudioVersion = 10.0.40219.1
Project("{2150E333-8FDC-42A3-9474-1A3956D46DE8}") = "src", "src", "{2DED2032-3E6F-49BF-BC30-FA12AE2ADBC9}"
EndProject
Project("{FAE04EC0-301F-11D3-BF4B-00C04F79EFBC}") = "Zazi.Domain", "src\Zazi.Domain\Zazi.Domain.csproj", "{1DE365F4-C324-463E-9265-310074A8A344}"
EndProject
Project("{FAE04EC0-301F-11D3-BF4B-00C04F79EFBC}") = "Zazi.Application", "src\Zazi.Application\Zazi.Application.csproj", "{771533F4-AFF3-418E-83F5-E2269DBA0664}"
EndProject
Project("{FAE04EC0-301F-11D3-BF4B-00C04F79EFBC}") = "Zazi.Infrastructure", "src\Zazi.Infrastructure\Zazi.Infrastructure.csproj", "{31C30245-7689-4D24-B492-E83975EA6AA4}"
EndProject
Project("{FAE04EC0-301F-11D3-BF4B-00C04F79EFBC}") = "Zazi.Api", "src\Zazi.Api\Zazi.Api.csproj", "{B9610964-2869-45F9-9D42-116DA93E9B14}"
EndProject
Project("{2150E333-8FDC-42A3-9474-1A3956D46DE8}") = "tests", "tests", "{B784EE6F-10A4-455E-8589-78E884B2F6F1}"
EndProject
Project("{FAE04EC0-301F-11D3-BF4B-00C04F79EFBC}") = "Zazi.UnitTests", "tests\Zazi.UnitTests\Zazi.UnitTests.csproj", "{A1302B85-58B0-4FB5-94EA-1E26017466D1}"
EndProject
Project("{FAE04EC0-301F-11D3-BF4B-00C04F79EFBC}") = "Zazi.IntegrationTests", "tests\Zazi.IntegrationTests\Zazi.IntegrationTests.csproj", "{7850A6BE-D3DA-41FC-83B3-067C1E71F8C4}"
EndProject
Project("{FAE04EC0-301F-11D3-BF4B-00C04F79EFBC}") = "Zazi.Web", "src\Zazi.Web\Zazi.Web.csproj", "{A11EA771-1BC7-4D69-909B-569ECDA28071}"
EndProject
Global
	GlobalSection(SolutionConfigurationPlatforms) = preSolution
		Debug|Any CPU = Debug|Any CPU
		Debug|x64 = Debug|x64
		Debug|x86 = Debug|x86
		Release|Any CPU = Release|Any CPU
		Release|x64 = Release|x64
		Release|x86 = Release|x86
	EndGlobalSection
	GlobalSection(ProjectConfigurationPlatforms) = postSolution
		{1DE365F4-C324-463E-9265-310074A8A344}.Debug|Any CPU.ActiveCfg = Debug|Any CPU
		{1DE365F4-C324-463E-9265-310074A8A344}.Debug|Any CPU.Build.0 = Debug|Any CPU
		{1DE365F4-C324-463E-9265-310074A8A344}.Debug|x64.ActiveCfg = Debug|Any CPU
		{1DE365F4-C324-463E-9265-310074A8A344}.Debug|x64.Build.0 = Debug|Any CPU
		{1DE365F4-C324-463E-9265-310074A8A344}.Debug|x86.ActiveCfg = Debug|Any CPU
		{1DE365F4-C324-463E-9265-310074A8A344}.Debug|x86.Build.0 = Debug|Any CPU
		{1DE365F4-C324-463E-9265-310074A8A344}.Release|Any CPU.ActiveCfg = Release|Any CPU
		{1DE365F4-C324-463E-9265-310074A8A344}.Release|Any CPU.Build.0 = Release|Any CPU
		{1DE365F4-C324-463E-9265-310074A8A344}.Release|x64.ActiveCfg = Release|Any CPU
		{1DE365F4-C324-463E-9265-310074A8A344}.Release|x64.Build.0 = Release|Any CPU
		{1DE365F4-C324-463E-9265-310074A8A344}.Release|x86.ActiveCfg = Release|Any CPU
		{1DE365F4-C324-463E-9265-310074A8A344}.Release|x86.Build.0 = Release|Any CPU
		{771533F4-AFF3-418E-83F5-E2269DBA0664}.Debug|Any CPU.ActiveCfg = Debug|Any CPU
		{771533F4-AFF3-418E-83F5-E2269DBA0664}.Debug|Any CPU.Build.0 = Debug|Any CPU
		{771533F4-AFF3-418E-83F5-E2269DBA0664}.Debug|x64.ActiveCfg = Debug|Any CPU
		{771533F4-AFF3-418E-83F5-E2269DBA0664}.Debug|x64.Build.0 = Debug|Any CPU
		{771533F4-AFF3-418E-83F5-E2269DBA0664}.Debug|x86.ActiveCfg = Debug|Any CPU
		{771533F4-AFF3-418E-83F5-E2269DBA0664}.Debug|x86.Build.0 = Debug|Any CPU
		{771533F4-AFF3-418E-83F5-E2269DBA0664}.Release|Any CPU.ActiveCfg = Release|Any CPU
		{771533F4-AFF3-418E-83F5-E2269DBA0664}.Release|Any CPU.Build.0 = Release|Any CPU
		{771533F4-AFF3-418E-83F5-E2269DBA0664}.Release|x64.ActiveCfg = Release|Any CPU
		{771533F4-AFF3-418E-83F5-E2269DBA0664}.Release|x64.Build.0 = Release|Any CPU
		{771533F4-AFF3-418E-83F5-E2269DBA0664}.Release|x86.ActiveCfg = Release|Any CPU
		{771533F4-AFF3-418E-83F5-E2269DBA0664}.Release|x86.Build.0 = Release|Any CPU
		{31C30245-7689-4D24-B492-E83975EA6AA4}.Debug|Any CPU.ActiveCfg = Debug|Any CPU
		{31C30245-7689-4D24-B492-E83975EA6AA4}.Debug|Any CPU.Build.0 = Debug|Any CPU
		{31C30245-7689-4D24-B492-E83975EA6AA4}.Debug|x64.ActiveCfg = Debug|Any CPU
		{31C30245-7689-4D24-B492-E83975EA6AA4}.Debug|x64.Build.0 = Debug|Any CPU
		{31C30245-7689-4D24-B492-E83975EA6AA4}.Debug|x86.ActiveCfg = Debug|Any CPU
		{31C30245-7689-4D24-B492-E83975EA6AA4}.Debug|x86.Build.0 = Debug|Any CPU
		{31C30245-7689-4D24-B492-E83975EA6AA4}.Release|Any CPU.ActiveCfg = Release|Any CPU
		{31C30245-7689-4D24-B492-E83975EA6AA4}.Release|Any CPU.Build.0 = Release|Any CPU
		{31C30245-7689-4D24-B492-E83975EA6AA4}.Release|x64.ActiveCfg = Release|Any CPU
		{31C30245-7689-4D24-B492-E83975EA6AA4}.Release|x64.Build.0 = Release|Any CPU
		{31C30245-7689-4D24-B492-E83975EA6AA4}.Release|x86.ActiveCfg = Release|Any CPU
		{31C30245-7689-4D24-B492-E83975EA6AA4}.Release|x86.Build.0 = Release|Any CPU
		{B9610964-2869-45F9-9D42-116DA93E9B14}.Debug|Any CPU.ActiveCfg = Debug|Any CPU
		{B9610964-2869-45F9-9D42-116DA93E9B14}.Debug|Any CPU.Build.0 = Debug|Any CPU
		{B9610964-2869-45F9-9D42-116DA93E9B14}.Debug|x64.ActiveCfg = Debug|Any CPU
		{B9610964-2869-45F9-9D42-116DA93E9B14}.Debug|x64.Build.0 = Debug|Any CPU
		{B9610964-2869-45F9-9D42-116DA93E9B14}.Debug|x86.ActiveCfg = Debug|Any CPU
		{B9610964-2869-45F9-9D42-116DA93E9B14}.Debug|x86.Build.0 = Debug|Any CPU
		{B9610964-2869-45F9-9D42-116DA93E9B14}.Release|Any CPU.ActiveCfg = Release|Any CPU
		{B9610964-2869-45F9-9D42-116DA93E9B14}.Release|Any CPU.Build.0 = Release|Any CPU
		{B9610964-2869-45F9-9D42-116DA93E9B14}.Release|x64.ActiveCfg = Release|Any CPU
		{B9610964-2869-45F9-9D42-116DA93E9B14}.Release|x64.Build.0 = Release|Any CPU
		{B9610964-2869-45F9-9D42-116DA93E9B14}.Release|x86.ActiveCfg = Release|Any CPU
		{B9610964-2869-45F9-9D42-116DA93E9B14}.Release|x86.Build.0 = Release|Any CPU
		{A1302B85-58B0-4FB5-94EA-1E26017466D1}.Debug|Any CPU.ActiveCfg = Debug|Any CPU
		{A1302B85-58B0-4FB5-94EA-1E26017466D1}.Debug|Any CPU.Build.0 = Debug|Any CPU
		{A1302B85-58B0-4FB5-94EA-1E26017466D1}.Debug|x64.ActiveCfg = Debug|Any CPU
		{A1302B85-58B0-4FB5-94EA-1E26017466D1}.Debug|x64.Build.0 = Debug|Any CPU
		{A1302B85-58B0-4FB5-94EA-1E26017466D1}.Debug|x86.ActiveCfg = Debug|Any CPU
		{A1302B85-58B0-4FB5-94EA-1E26017466D1}.Debug|x86.Build.0 = Debug|Any CPU
		{A1302B85-58B0-4FB5-94EA-1E26017466D1}.Release|Any CPU.ActiveCfg = Release|Any CPU
		{A1302B85-58B0-4FB5-94EA-1E26017466D1}.Release|Any CPU.Build.0 = Release|Any CPU
		{A1302B85-58B0-4FB5-94EA-1E26017466D1}.Release|x64.ActiveCfg = Release|Any CPU
		{A1302B85-58B0-4FB5-94EA-1E26017466D1}.Release|x64.Build.0 = Release|Any CPU
		{A1302B85-58B0-4FB5-94EA-1E26017466D1}.Release|x86.ActiveCfg = Release|Any CPU
		{A1302B85-58B0-4FB5-94EA-1E26017466D1}.Release|x86.Build.0 = Release|Any CPU
		{7850A6BE-D3DA-41FC-83B3-067C1E71F8C4}.Debug|Any CPU.ActiveCfg = Debug|Any CPU
		{7850A6BE-D3DA-41FC-83B3-067C1E71F8C4}.Debug|Any CPU.Build.0 = Debug|Any CPU
		{7850A6BE-D3DA-41FC-83B3-067C1E71F8C4}.Debug|x64.ActiveCfg = Debug|Any CPU
		{7850A6BE-D3DA-41FC-83B3-067C1E71F8C4}.Debug|x64.Build.0 = Debug|Any CPU
		{7850A6BE-D3DA-41FC-83B3-067C1E71F8C4}.Debug|x86.ActiveCfg = Debug|Any CPU
		{7850A6BE-D3DA-41FC-83B3-067C1E71F8C4}.Debug|x86.Build.0 = Debug|Any CPU
		{7850A6BE-D3DA-41FC-83B3-067C1E71F8C4}.Release|Any CPU.ActiveCfg = Release|Any CPU
		{7850A6BE-D3DA-41FC-83B3-067C1E71F8C4}.Release|Any CPU.Build.0 = Release|Any CPU
		{7850A6BE-D3DA-41FC-83B3-067C1E71F8C4}.Release|x64.ActiveCfg = Release|Any CPU
		{7850A6BE-D3DA-41FC-83B3-067C1E71F8C4}.Release|x64.Build.0 = Release|Any CPU
		{7850A6BE-D3DA-41FC-83B3-067C1E71F8C4}.Release|x86.ActiveCfg = Release|Any CPU
		{7850A6BE-D3DA-41FC-83B3-067C1E71F8C4}.Release|x86.Build.0 = Release|Any CPU
		{A11EA771-1BC7-4D69-909B-569ECDA28071}.Debug|Any CPU.ActiveCfg = Debug|Any CPU
		{A11EA771-1BC7-4D69-909B-569ECDA28071}.Debug|Any CPU.Build.0 = Debug|Any CPU
		{A11EA771-1BC7-4D69-909B-569ECDA28071}.Debug|x64.ActiveCfg = Debug|Any CPU
		{A11EA771-1BC7-4D69-909B-569ECDA28071}.Debug|x64.Build.0 = Debug|Any CPU
		{A11EA771-1BC7-4D69-909B-569ECDA28071}.Debug|x86.ActiveCfg = Debug|Any CPU
		{A11EA771-1BC7-4D69-909B-569ECDA28071}.Debug|x86.Build.0 = Debug|Any CPU
		{A11EA771-1BC7-4D69-909B-569ECDA28071}.Release|Any CPU.ActiveCfg = Release|Any CPU
		{A11EA771-1BC7-4D69-909B-569ECDA28071}.Release|Any CPU.Build.0 = Release|Any CPU
		{A11EA771-1BC7-4D69-909B-569ECDA28071}.Release|x64.ActiveCfg = Release|Any CPU
		{A11EA771-1BC7-4D69-909B-569ECDA28071}.Release|x64.Build.0 = Release|Any CPU
		{A11EA771-1BC7-4D69-909B-569ECDA28071}.Release|x86.ActiveCfg = Release|Any CPU
		{A11EA771-1BC7-4D69-909B-569ECDA28071}.Release|x86.Build.0 = Release|Any CPU
	EndGlobalSection
	GlobalSection(SolutionProperties) = preSolution
		HideSolutionNode = FALSE
	EndGlobalSection
	GlobalSection(NestedProjects) = preSolution
		{1DE365F4-C324-463E-9265-310074A8A344} = {2DED2032-3E6F-49BF-BC30-FA12AE2ADBC9}
		{771533F4-AFF3-418E-83F5-E2269DBA0664} = {2DED2032-3E6F-49BF-BC30-FA12AE2ADBC9}
		{31C30245-7689-4D24-B492-E83975EA6AA4} = {2DED2032-3E6F-49BF-BC30-FA12AE2ADBC9}
		{B9610964-2869-45F9-9D42-116DA93E9B14} = {2DED2032-3E6F-49BF-BC30-FA12AE2ADBC9}
		{A1302B85-58B0-4FB5-94EA-1E26017466D1} = {B784EE6F-10A4-455E-8589-78E884B2F6F1}
		{7850A6BE-D3DA-41FC-83B3-067C1E71F8C4} = {B784EE6F-10A4-455E-8589-78E884B2F6F1}
		{A11EA771-1BC7-4D69-909B-569ECDA28071} = {2DED2032-3E6F-49BF-BC30-FA12AE2ADBC9}
	EndGlobalSection
EndGlobal
